
Microsoft Visual Studio Solution File, Format Version 12.00
# Visual Studio Version 17
VisualStudioVersion = 17.5.33502.453
MinimumVisualStudioVersion = 10.0.40219.1
Project("{2150E333-8FDC-42A3-9474-1A3956D46DE8}") = "Solution Items", "Solution Items", "{BC095194-417F-4B5E-8AC1-EB89E31642AC}"
EndProject
Project("{2150E333-8FDC-42A3-9474-1A3956D46DE8}") = "src", "src", "{EC1C9FFB-7ADB-4C98-ABF7-54F2027359AD}"
EndProject
Project("{2150E333-8FDC-42A3-9474-1A3956D46DE8}") = "ApiGateways", "ApiGateways", "{ECB541E3-5A36-465D-A4BD-A7E2AD42E2B3}"
EndProject
Project("{2150E333-8FDC-42A3-9474-1A3956D46DE8}") = "WebApiGateway", "WebApiGateway", "{66C0A5C8-51C2-4A7D-9410-EB29EF330E97}"
EndProject
Project("{2150E333-8FDC-42A3-9474-1A3956D46DE8}") = "Clients", "Clients", "{647AFCA9-5CA3-47DE-A951-B82E9616392C}"
EndProject
Project("{2150E333-8FDC-42A3-9474-1A3956D46DE8}") = "ReactWebApp", "ReactWebApp", "{367A57B8-FE1E-4DC8-8FE9-28D3310EB72A}"
EndProject
Project("{2150E333-8FDC-42A3-9474-1A3956D46DE8}") = "Services", "Services", "{C7A5D893-A512-4976-B5DB-9BE1412C45DF}"
EndProject
Project("{2150E333-8FDC-42A3-9474-1A3956D46DE8}") = "CatalogService", "CatalogService", "{F5E0F91C-6AFC-4064-A31C-9722398BCBBF}"
EndProject
Project("{2150E333-8FDC-42A3-9474-1A3956D46DE8}") = "PortfolioService", "PortfolioService", "{575607C1-8CB7-4FE9-8574-6BFDDDF0B72D}"
EndProject
Project("{2150E333-8FDC-42A3-9474-1A3956D46DE8}") = "IdentityService", "IdentityService", "{C830D08D-1A8E-40EA-A93A-4C40BB3F6A2A}"
EndProject
Project("{9A19103F-16F7-4668-BE54-9A1E7A4F7556}") = "CatalogService.Api", "src\Services\CatalogService\CatalogService.Api\CatalogService.Api.csproj", "{D06B013C-75DC-4FAB-94D7-B6A4BFD6FA68}"
EndProject
Project("{9A19103F-16F7-4668-BE54-9A1E7A4F7556}") = "PortoflioService.Api", "src\Services\PortfolioService\PortoflioService.Api\PortoflioService.Api.csproj", "{390DAA09-A969-438D-BA6F-742BC7C503D6}"
EndProject
Project("{9A19103F-16F7-4668-BE54-9A1E7A4F7556}") = "WebApiGateway.Api", "src\ApiGateways\WebApiGateway\WebApiGateway.Api\WebApiGateway.Api.csproj", "{06764EB3-4569-4710-8C68-44DD1BCA83D6}"
EndProject
Project("{9A19103F-16F7-4668-BE54-9A1E7A4F7556}") = "IdentityService.Api", "src\services\IdentityService\IdentityService.Api\IdentityService.Api.csproj", "{3EF342E9-8BD7-460C-A395-11FF255F4AE2}"
EndProject
Project("{9A19103F-16F7-4668-BE54-9A1E7A4F7556}") = "IdentityService.EmailService", "src\Services\IdentityService\IdentityService.EmailService\IdentityService.EmailService.csproj", "{FBB36BFC-3679-4832-89BC-45686F9CCA1B}"
EndProject
Project("{2150E333-8FDC-42A3-9474-1A3956D46DE8}") = "Libraries", "Libraries", "{C1B23859-041E-4E65-89AB-282CDF75610A}"
EndProject
Project("{9A19103F-16F7-4668-BE54-9A1E7A4F7556}") = "JwtAuthenticationManager", "src\Libraries\JwtAuthenticationManager\JwtAuthenticationManager.csproj", "{73D4AB7D-86E3-43E7-B4F6-7FCEEA271693}"
EndProject
Project("{2150E333-8FDC-42A3-9474-1A3956D46DE8}") = "Authentication", "Authentication", "{53994F80-1503-4F07-9B4A-46D829451C11}"
EndProject
Global
	GlobalSection(SolutionConfigurationPlatforms) = preSolution
		Debug|Any CPU = Debug|Any CPU
		Release|Any CPU = Release|Any CPU
	EndGlobalSection
	GlobalSection(ProjectConfigurationPlatforms) = postSolution
		{D06B013C-75DC-4FAB-94D7-B6A4BFD6FA68}.Debug|Any CPU.ActiveCfg = Debug|Any CPU
		{D06B013C-75DC-4FAB-94D7-B6A4BFD6FA68}.Debug|Any CPU.Build.0 = Debug|Any CPU
		{D06B013C-75DC-4FAB-94D7-B6A4BFD6FA68}.Release|Any CPU.ActiveCfg = Release|Any CPU
		{D06B013C-75DC-4FAB-94D7-B6A4BFD6FA68}.Release|Any CPU.Build.0 = Release|Any CPU
		{390DAA09-A969-438D-BA6F-742BC7C503D6}.Debug|Any CPU.ActiveCfg = Debug|Any CPU
		{390DAA09-A969-438D-BA6F-742BC7C503D6}.Debug|Any CPU.Build.0 = Debug|Any CPU
		{390DAA09-A969-438D-BA6F-742BC7C503D6}.Release|Any CPU.ActiveCfg = Release|Any CPU
		{390DAA09-A969-438D-BA6F-742BC7C503D6}.Release|Any CPU.Build.0 = Release|Any CPU
		{06764EB3-4569-4710-8C68-44DD1BCA83D6}.Debug|Any CPU.ActiveCfg = Debug|Any CPU
		{06764EB3-4569-4710-8C68-44DD1BCA83D6}.Debug|Any CPU.Build.0 = Debug|Any CPU
		{06764EB3-4569-4710-8C68-44DD1BCA83D6}.Release|Any CPU.ActiveCfg = Release|Any CPU
		{06764EB3-4569-4710-8C68-44DD1BCA83D6}.Release|Any CPU.Build.0 = Release|Any CPU
		{3EF342E9-8BD7-460C-A395-11FF255F4AE2}.Debug|Any CPU.ActiveCfg = Debug|Any CPU
		{3EF342E9-8BD7-460C-A395-11FF255F4AE2}.Debug|Any CPU.Build.0 = Debug|Any CPU
		{3EF342E9-8BD7-460C-A395-11FF255F4AE2}.Release|Any CPU.ActiveCfg = Release|Any CPU
		{3EF342E9-8BD7-460C-A395-11FF255F4AE2}.Release|Any CPU.Build.0 = Release|Any CPU
		{FBB36BFC-3679-4832-89BC-45686F9CCA1B}.Debug|Any CPU.ActiveCfg = Debug|Any CPU
		{FBB36BFC-3679-4832-89BC-45686F9CCA1B}.Debug|Any CPU.Build.0 = Debug|Any CPU
		{FBB36BFC-3679-4832-89BC-45686F9CCA1B}.Release|Any CPU.ActiveCfg = Release|Any CPU
		{FBB36BFC-3679-4832-89BC-45686F9CCA1B}.Release|Any CPU.Build.0 = Release|Any CPU
		{73D4AB7D-86E3-43E7-B4F6-7FCEEA271693}.Debug|Any CPU.ActiveCfg = Debug|Any CPU
		{73D4AB7D-86E3-43E7-B4F6-7FCEEA271693}.Debug|Any CPU.Build.0 = Debug|Any CPU
		{73D4AB7D-86E3-43E7-B4F6-7FCEEA271693}.Release|Any CPU.ActiveCfg = Release|Any CPU
		{73D4AB7D-86E3-43E7-B4F6-7FCEEA271693}.Release|Any CPU.Build.0 = Release|Any CPU
	EndGlobalSection
	GlobalSection(SolutionProperties) = preSolution
		HideSolutionNode = FALSE
	EndGlobalSection
	GlobalSection(NestedProjects) = preSolution
		{ECB541E3-5A36-465D-A4BD-A7E2AD42E2B3} = {EC1C9FFB-7ADB-4C98-ABF7-54F2027359AD}
		{66C0A5C8-51C2-4A7D-9410-EB29EF330E97} = {ECB541E3-5A36-465D-A4BD-A7E2AD42E2B3}
		{647AFCA9-5CA3-47DE-A951-B82E9616392C} = {EC1C9FFB-7ADB-4C98-ABF7-54F2027359AD}
		{367A57B8-FE1E-4DC8-8FE9-28D3310EB72A} = {647AFCA9-5CA3-47DE-A951-B82E9616392C}
		{C7A5D893-A512-4976-B5DB-9BE1412C45DF} = {EC1C9FFB-7ADB-4C98-ABF7-54F2027359AD}
		{F5E0F91C-6AFC-4064-A31C-9722398BCBBF} = {C7A5D893-A512-4976-B5DB-9BE1412C45DF}
		{575607C1-8CB7-4FE9-8574-6BFDDDF0B72D} = {C7A5D893-A512-4976-B5DB-9BE1412C45DF}
		{C830D08D-1A8E-40EA-A93A-4C40BB3F6A2A} = {C7A5D893-A512-4976-B5DB-9BE1412C45DF}
		{D06B013C-75DC-4FAB-94D7-B6A4BFD6FA68} = {F5E0F91C-6AFC-4064-A31C-9722398BCBBF}
		{390DAA09-A969-438D-BA6F-742BC7C503D6} = {575607C1-8CB7-4FE9-8574-6BFDDDF0B72D}
		{06764EB3-4569-4710-8C68-44DD1BCA83D6} = {66C0A5C8-51C2-4A7D-9410-EB29EF330E97}
		{3EF342E9-8BD7-460C-A395-11FF255F4AE2} = {C830D08D-1A8E-40EA-A93A-4C40BB3F6A2A}
		{FBB36BFC-3679-4832-89BC-45686F9CCA1B} = {C830D08D-1A8E-40EA-A93A-4C40BB3F6A2A}
		{C1B23859-041E-4E65-89AB-282CDF75610A} = {EC1C9FFB-7ADB-4C98-ABF7-54F2027359AD}
		{73D4AB7D-86E3-43E7-B4F6-7FCEEA271693} = {53994F80-1503-4F07-9B4A-46D829451C11}
		{53994F80-1503-4F07-9B4A-46D829451C11} = {C1B23859-041E-4E65-89AB-282CDF75610A}
	EndGlobalSection
	GlobalSection(ExtensibilityGlobals) = postSolution
		SolutionGuid = {187923EA-017B-4956-A627-6AAC27ED5B1B}
	EndGlobalSection
EndGlobal
